
Microsoft Visual Studio Solution File, Format Version 12.00
# Visual Studio Version 17
VisualStudioVersion = 17.4.33103.184
MinimumVisualStudioVersion = 10.0.40219.1
Project("{9A19103F-16F7-4668-BE54-9A1E7A4F7556}") = "TryGuessIt.Game.WebApi", "src\TryGuessIt.Game.WebApi\TryGuessIt.Game.WebApi.csproj", "{6CDC68EA-291F-40D6-94BE-949C1B386423}"
EndProject
Project("{2150E333-8FDC-42A3-9474-1A3956D46DE8}") = "src", "src", "{793A1A93-00AD-44FD-A22F-EF307E756742}"
EndProject
Project("{2150E333-8FDC-42A3-9474-1A3956D46DE8}") = "tests", "tests", "{88C1F78B-A1EA-4884-83C1-C59E96B9E673}"
EndProject
Project("{9A19103F-16F7-4668-BE54-9A1E7A4F7556}") = "TryGuessIt.Game.Application", "src\TryGuessIt.Game.Application\TryGuessIt.Game.Application.csproj", "{E2F75977-5482-4D84-80D0-702A6AF97011}"
EndProject
Project("{9A19103F-16F7-4668-BE54-9A1E7A4F7556}") = "TryGuessIt.Game.Application.UnitTests", "tests\TryGuessIt.Game.Application.UnitTests\TryGuessIt.Game.Application.UnitTests.csproj", "{6633934A-9E2F-45A1-9E54-9427F2FCE70D}"
EndProject
Project("{9A19103F-16F7-4668-BE54-9A1E7A4F7556}") = "TryGuessIt.Game.Persistence", "src\TryGuessIt.Game.Persistence\TryGuessIt.Game.Persistence.csproj", "{B1D70F96-C254-49F6-B448-279687D28668}"
EndProject
Project("{9A19103F-16F7-4668-BE54-9A1E7A4F7556}") = "TryGuessIt.Game.Persistence.IntegrationTests", "tests\TryGuessIt.Game.Persistence.IntegrationTests\TryGuessIt.Game.Persistence.IntegrationTests.csproj", "{02E32AD9-1F5B-49F1-BD08-FF18E5A3AACA}"
EndProject
Project("{2150E333-8FDC-42A3-9474-1A3956D46DE8}") = "Solution Items", "Solution Items", "{97049A6F-B8E1-43C8-9B1D-90303DCAC7D8}"
	ProjectSection(SolutionItems) = preProject
		.editorconfig = .editorconfig
		docker-compose.yml = docker-compose.yml
		.github\workflows\ci-pipeline.yml = .github\workflows\ci-pipeline.yml
		utilities\EntityFrameworkScriptsShorthand.txt = utilities\EntityFrameworkScriptsShorthand.txt
	EndProjectSection
EndProject
Project("{9A19103F-16F7-4668-BE54-9A1E7A4F7556}") = "TryGuessIt.Game.Persistence.Npgsql", "src\TryGuessIt.Game.Persistence.Npgsql\TryGuessIt.Game.Persistence.Npgsql.csproj", "{5A619641-57AC-47E4-B71F-0438FC5F4B8C}"
EndProject
Project("{9A19103F-16F7-4668-BE54-9A1E7A4F7556}") = "TryGuessIt.Game.Domain", "src\TryGuessIt.Game.Domain\TryGuessIt.Game.Domain.csproj", "{4102E583-D410-439F-B363-F1475719442C}"
EndProject
Project("{9A19103F-16F7-4668-BE54-9A1E7A4F7556}") = "TryGuessIt.Game.ExternalMessageHandlers", "src\TryGuessIt.Game.ExternalMessageHandlers\TryGuessIt.Game.ExternalMessageHandlers.csproj", "{AD8BFD18-E703-4640-8665-CB486DBC6D2A}"
EndProject
Project("{9A19103F-16F7-4668-BE54-9A1E7A4F7556}") = "TryGuessIt.Game.Component.IntegrationTests", "tests\TryGuessIt.Game.Component.IntegrationTests\TryGuessIt.Game.Component.IntegrationTests.csproj", "{EB40A044-4244-4E6B-B801-30D41F0CDD4D}"
EndProject
Project("{9A19103F-16F7-4668-BE54-9A1E7A4F7556}") = "TryGuessIt.Game.ReadModels", "src\TryGuessIt.Game.ReadModels\TryGuessIt.Game.ReadModels.csproj", "{39451D0E-46B7-4AD2-B888-41B0A42B2FFC}"
EndProject
Project("{9A19103F-16F7-4668-BE54-9A1E7A4F7556}") = "TryGuessIt.Game.ReadModels.IntegrationTests", "tests\TryGuessIt.Game.ReadModels.IntegrationTests\TryGuessIt.Game.ReadModels.IntegrationTests.csproj", "{94FDFF1E-94B3-4DF8-82DE-ACBB27F689F7}"
EndProject
Project("{9A19103F-16F7-4668-BE54-9A1E7A4F7556}") = "TryGuessIt.Game.Tests.Common", "tests\TryGuessIt.Game.Tests.Common\TryGuessIt.Game.Tests.Common.csproj", "{E9AC6344-CD5B-4B53-ABAD-F0F299C93F6A}"
EndProject
Project("{9A19103F-16F7-4668-BE54-9A1E7A4F7556}") = "TryGuessIt.Game.Messages", "src\TryGuessIt.Game.Messages\TryGuessIt.Game.Messages.csproj", "{3A09D1B1-F6C9-4694-8FF5-337090F29832}"
EndProject
Project("{9A19103F-16F7-4668-BE54-9A1E7A4F7556}") = "TryGuessIt.Game.OutboxPublisher", "src\TryGuessIt.Game.OutboxPublisher\TryGuessIt.Game.OutboxPublisher.csproj", "{949B2C7B-C45F-4C68-ABEA-611525B09745}"
EndProject
Project("{FAE04EC0-301F-11D3-BF4B-00C04F79EFBC}") = "TryGuessIt.Game.OutboxPublisher.UnitTests", "tests\TryGuessIt.Game.OutboxPublisher.UnitTests\TryGuessIt.Game.OutboxPublisher.UnitTests.csproj", "{C9E2B166-8E78-4245-A4B0-F5B26ACFB0CF}"
EndProject
Global
	GlobalSection(SolutionConfigurationPlatforms) = preSolution
		Debug|Any CPU = Debug|Any CPU
		Release|Any CPU = Release|Any CPU
	EndGlobalSection
	GlobalSection(ProjectConfigurationPlatforms) = postSolution
		{6CDC68EA-291F-40D6-94BE-949C1B386423}.Debug|Any CPU.ActiveCfg = Debug|Any CPU
		{6CDC68EA-291F-40D6-94BE-949C1B386423}.Debug|Any CPU.Build.0 = Debug|Any CPU
		{6CDC68EA-291F-40D6-94BE-949C1B386423}.Release|Any CPU.ActiveCfg = Release|Any CPU
		{6CDC68EA-291F-40D6-94BE-949C1B386423}.Release|Any CPU.Build.0 = Release|Any CPU
		{E2F75977-5482-4D84-80D0-702A6AF97011}.Debug|Any CPU.ActiveCfg = Debug|Any CPU
		{E2F75977-5482-4D84-80D0-702A6AF97011}.Debug|Any CPU.Build.0 = Debug|Any CPU
		{E2F75977-5482-4D84-80D0-702A6AF97011}.Release|Any CPU.ActiveCfg = Release|Any CPU
		{E2F75977-5482-4D84-80D0-702A6AF97011}.Release|Any CPU.Build.0 = Release|Any CPU
		{6633934A-9E2F-45A1-9E54-9427F2FCE70D}.Debug|Any CPU.ActiveCfg = Debug|Any CPU
		{6633934A-9E2F-45A1-9E54-9427F2FCE70D}.Debug|Any CPU.Build.0 = Debug|Any CPU
		{6633934A-9E2F-45A1-9E54-9427F2FCE70D}.Release|Any CPU.ActiveCfg = Release|Any CPU
		{6633934A-9E2F-45A1-9E54-9427F2FCE70D}.Release|Any CPU.Build.0 = Release|Any CPU
		{B1D70F96-C254-49F6-B448-279687D28668}.Debug|Any CPU.ActiveCfg = Debug|Any CPU
		{B1D70F96-C254-49F6-B448-279687D28668}.Debug|Any CPU.Build.0 = Debug|Any CPU
		{B1D70F96-C254-49F6-B448-279687D28668}.Release|Any CPU.ActiveCfg = Release|Any CPU
		{B1D70F96-C254-49F6-B448-279687D28668}.Release|Any CPU.Build.0 = Release|Any CPU
		{02E32AD9-1F5B-49F1-BD08-FF18E5A3AACA}.Debug|Any CPU.ActiveCfg = Debug|Any CPU
		{02E32AD9-1F5B-49F1-BD08-FF18E5A3AACA}.Debug|Any CPU.Build.0 = Debug|Any CPU
		{02E32AD9-1F5B-49F1-BD08-FF18E5A3AACA}.Release|Any CPU.ActiveCfg = Release|Any CPU
		{02E32AD9-1F5B-49F1-BD08-FF18E5A3AACA}.Release|Any CPU.Build.0 = Release|Any CPU
		{5A619641-57AC-47E4-B71F-0438FC5F4B8C}.Debug|Any CPU.ActiveCfg = Debug|Any CPU
		{5A619641-57AC-47E4-B71F-0438FC5F4B8C}.Debug|Any CPU.Build.0 = Debug|Any CPU
		{5A619641-57AC-47E4-B71F-0438FC5F4B8C}.Release|Any CPU.ActiveCfg = Release|Any CPU
		{5A619641-57AC-47E4-B71F-0438FC5F4B8C}.Release|Any CPU.Build.0 = Release|Any CPU
		{4102E583-D410-439F-B363-F1475719442C}.Debug|Any CPU.ActiveCfg = Debug|Any CPU
		{4102E583-D410-439F-B363-F1475719442C}.Debug|Any CPU.Build.0 = Debug|Any CPU
		{4102E583-D410-439F-B363-F1475719442C}.Release|Any CPU.ActiveCfg = Release|Any CPU
		{4102E583-D410-439F-B363-F1475719442C}.Release|Any CPU.Build.0 = Release|Any CPU
		{AD8BFD18-E703-4640-8665-CB486DBC6D2A}.Debug|Any CPU.ActiveCfg = Debug|Any CPU
		{AD8BFD18-E703-4640-8665-CB486DBC6D2A}.Debug|Any CPU.Build.0 = Debug|Any CPU
		{AD8BFD18-E703-4640-8665-CB486DBC6D2A}.Release|Any CPU.ActiveCfg = Release|Any CPU
		{AD8BFD18-E703-4640-8665-CB486DBC6D2A}.Release|Any CPU.Build.0 = Release|Any CPU
		{EB40A044-4244-4E6B-B801-30D41F0CDD4D}.Debug|Any CPU.ActiveCfg = Debug|Any CPU
		{EB40A044-4244-4E6B-B801-30D41F0CDD4D}.Debug|Any CPU.Build.0 = Debug|Any CPU
		{EB40A044-4244-4E6B-B801-30D41F0CDD4D}.Release|Any CPU.ActiveCfg = Release|Any CPU
		{EB40A044-4244-4E6B-B801-30D41F0CDD4D}.Release|Any CPU.Build.0 = Release|Any CPU
		{39451D0E-46B7-4AD2-B888-41B0A42B2FFC}.Debug|Any CPU.ActiveCfg = Debug|Any CPU
		{39451D0E-46B7-4AD2-B888-41B0A42B2FFC}.Debug|Any CPU.Build.0 = Debug|Any CPU
		{39451D0E-46B7-4AD2-B888-41B0A42B2FFC}.Release|Any CPU.ActiveCfg = Release|Any CPU
		{39451D0E-46B7-4AD2-B888-41B0A42B2FFC}.Release|Any CPU.Build.0 = Release|Any CPU
		{94FDFF1E-94B3-4DF8-82DE-ACBB27F689F7}.Debug|Any CPU.ActiveCfg = Debug|Any CPU
		{94FDFF1E-94B3-4DF8-82DE-ACBB27F689F7}.Debug|Any CPU.Build.0 = Debug|Any CPU
		{94FDFF1E-94B3-4DF8-82DE-ACBB27F689F7}.Release|Any CPU.ActiveCfg = Release|Any CPU
		{94FDFF1E-94B3-4DF8-82DE-ACBB27F689F7}.Release|Any CPU.Build.0 = Release|Any CPU
		{E9AC6344-CD5B-4B53-ABAD-F0F299C93F6A}.Debug|Any CPU.ActiveCfg = Debug|Any CPU
		{E9AC6344-CD5B-4B53-ABAD-F0F299C93F6A}.Debug|Any CPU.Build.0 = Debug|Any CPU
		{E9AC6344-CD5B-4B53-ABAD-F0F299C93F6A}.Release|Any CPU.ActiveCfg = Release|Any CPU
		{E9AC6344-CD5B-4B53-ABAD-F0F299C93F6A}.Release|Any CPU.Build.0 = Release|Any CPU
		{3A09D1B1-F6C9-4694-8FF5-337090F29832}.Debug|Any CPU.ActiveCfg = Debug|Any CPU
		{3A09D1B1-F6C9-4694-8FF5-337090F29832}.Debug|Any CPU.Build.0 = Debug|Any CPU
		{3A09D1B1-F6C9-4694-8FF5-337090F29832}.Release|Any CPU.ActiveCfg = Release|Any CPU
		{3A09D1B1-F6C9-4694-8FF5-337090F29832}.Release|Any CPU.Build.0 = Release|Any CPU
		{949B2C7B-C45F-4C68-ABEA-611525B09745}.Debug|Any CPU.ActiveCfg = Debug|Any CPU
		{949B2C7B-C45F-4C68-ABEA-611525B09745}.Debug|Any CPU.Build.0 = Debug|Any CPU
		{949B2C7B-C45F-4C68-ABEA-611525B09745}.Release|Any CPU.ActiveCfg = Release|Any CPU
		{949B2C7B-C45F-4C68-ABEA-611525B09745}.Release|Any CPU.Build.0 = Release|Any CPU
		{C9E2B166-8E78-4245-A4B0-F5B26ACFB0CF}.Debug|Any CPU.ActiveCfg = Debug|Any CPU
		{C9E2B166-8E78-4245-A4B0-F5B26ACFB0CF}.Debug|Any CPU.Build.0 = Debug|Any CPU
		{C9E2B166-8E78-4245-A4B0-F5B26ACFB0CF}.Release|Any CPU.ActiveCfg = Release|Any CPU
		{C9E2B166-8E78-4245-A4B0-F5B26ACFB0CF}.Release|Any CPU.Build.0 = Release|Any CPU
	EndGlobalSection
	GlobalSection(SolutionProperties) = preSolution
		HideSolutionNode = FALSE
	EndGlobalSection
	GlobalSection(NestedProjects) = preSolution
		{6CDC68EA-291F-40D6-94BE-949C1B386423} = {793A1A93-00AD-44FD-A22F-EF307E756742}
		{E2F75977-5482-4D84-80D0-702A6AF97011} = {793A1A93-00AD-44FD-A22F-EF307E756742}
		{6633934A-9E2F-45A1-9E54-9427F2FCE70D} = {88C1F78B-A1EA-4884-83C1-C59E96B9E673}
		{B1D70F96-C254-49F6-B448-279687D28668} = {793A1A93-00AD-44FD-A22F-EF307E756742}
		{02E32AD9-1F5B-49F1-BD08-FF18E5A3AACA} = {88C1F78B-A1EA-4884-83C1-C59E96B9E673}
		{5A619641-57AC-47E4-B71F-0438FC5F4B8C} = {793A1A93-00AD-44FD-A22F-EF307E756742}
		{4102E583-D410-439F-B363-F1475719442C} = {793A1A93-00AD-44FD-A22F-EF307E756742}
		{AD8BFD18-E703-4640-8665-CB486DBC6D2A} = {793A1A93-00AD-44FD-A22F-EF307E756742}
		{EB40A044-4244-4E6B-B801-30D41F0CDD4D} = {88C1F78B-A1EA-4884-83C1-C59E96B9E673}
		{39451D0E-46B7-4AD2-B888-41B0A42B2FFC} = {793A1A93-00AD-44FD-A22F-EF307E756742}
		{94FDFF1E-94B3-4DF8-82DE-ACBB27F689F7} = {88C1F78B-A1EA-4884-83C1-C59E96B9E673}
		{E9AC6344-CD5B-4B53-ABAD-F0F299C93F6A} = {88C1F78B-A1EA-4884-83C1-C59E96B9E673}
		{3A09D1B1-F6C9-4694-8FF5-337090F29832} = {793A1A93-00AD-44FD-A22F-EF307E756742}
		{949B2C7B-C45F-4C68-ABEA-611525B09745} = {793A1A93-00AD-44FD-A22F-EF307E756742}
		{C9E2B166-8E78-4245-A4B0-F5B26ACFB0CF} = {88C1F78B-A1EA-4884-83C1-C59E96B9E673}
	EndGlobalSection
	GlobalSection(ExtensibilityGlobals) = postSolution
		SolutionGuid = {5A9CFE4F-FA8B-4163-A8DA-117487BB5948}
	EndGlobalSection
EndGlobal
